
Microsoft Visual Studio Solution File, Format Version 12.00
# Visual Studio Version 17
VisualStudioVersion = 17.5.002.0
MinimumVisualStudioVersion = 10.0.40219.1
Project("{9A19103F-16F7-4668-BE54-9A1E7A4F7556}") = "Lecture1", "Lecture1\Lecture1.csproj", "{6350F44C-9A2F-4106-B93F-E5D1CB3C4391}"
EndProject
Global
	GlobalSection(SolutionConfigurationPlatforms) = preSolution
		Debug|Any CPU = Debug|Any CPU
		Release|Any CPU = Release|Any CPU
	EndGlobalSection
	GlobalSection(ProjectConfigurationPlatforms) = postSolution
		{6350F44C-9A2F-4106-B93F-E5D1CB3C4391}.Debug|Any CPU.ActiveCfg = Debug|Any CPU
		{6350F44C-9A2F-4106-B93F-E5D1CB3C4391}.Debug|Any CPU.Build.0 = Debug|Any CPU
		{6350F44C-9A2F-4106-B93F-E5D1CB3C4391}.Release|Any CPU.ActiveCfg = Release|Any CPU
		{6350F44C-9A2F-4106-B93F-E5D1CB3C4391}.Release|Any CPU.Build.0 = Release|Any CPU
	EndGlobalSection
	GlobalSection(SolutionProperties) = preSolution
		HideSolutionNode = FALSE
	EndGlobalSection
	GlobalSection(ExtensibilityGlobals) = postSolution
		SolutionGuid = {61B9A9CF-075F-4CE8-9DF5-F58E9E6AD9B9}
	EndGlobalSection
EndGlobal
